
Microsoft Visual Studio Solution File, Format Version 12.00
# Visual Studio 2013
VisualStudioVersion = 12.0.21005.1
MinimumVisualStudioVersion = 10.0.40219.1
Project("{FAE04EC0-301F-11D3-BF4B-00C04F79EFBC}") = "SwapStff", "SwapStff\SwapStff.csproj", "{ABFDB1AD-0E51-4599-BA0C-68CB662126AE}"
	ProjectSection(ProjectDependencies) = postProject
		{54739A0D-424F-4865-AA85-91F849372E91} = {54739A0D-424F-4865-AA85-91F849372E91}
		{23B48237-4022-4969-9765-F7196031BCBF} = {23B48237-4022-4969-9765-F7196031BCBF}
		{644BB13A-A10E-472E-B3F7-D076FBCAC959} = {644BB13A-A10E-472E-B3F7-D076FBCAC959}
		{53889F8F-FEFA-41D5-A3AF-DB7345ED6C7C} = {53889F8F-FEFA-41D5-A3AF-DB7345ED6C7C}
		{142FF292-2E80-401D-8199-09A2B0C971F0} = {142FF292-2E80-401D-8199-09A2B0C971F0}
	EndProjectSection
EndProject
Project("{FAE04EC0-301F-11D3-BF4B-00C04F79EFBC}") = "SwapStff.Entity", "SwapStff.Entity\SwapStff.Entity.csproj", "{644BB13A-A10E-472E-B3F7-D076FBCAC959}"
EndProject
Project("{FAE04EC0-301F-11D3-BF4B-00C04F79EFBC}") = "SwapStff.Data", "SwapStff.Data\SwapStff.Data.csproj", "{23B48237-4022-4969-9765-F7196031BCBF}"
	ProjectSection(ProjectDependencies) = postProject
		{644BB13A-A10E-472E-B3F7-D076FBCAC959} = {644BB13A-A10E-472E-B3F7-D076FBCAC959}
	EndProjectSection
EndProject
Project("{FAE04EC0-301F-11D3-BF4B-00C04F79EFBC}") = "SwapStff.Core", "SwapStff.Core\SwapStff.Core.csproj", "{53889F8F-FEFA-41D5-A3AF-DB7345ED6C7C}"
	ProjectSection(ProjectDependencies) = postProject
		{644BB13A-A10E-472E-B3F7-D076FBCAC959} = {644BB13A-A10E-472E-B3F7-D076FBCAC959}
	EndProjectSection
EndProject
Project("{FAE04EC0-301F-11D3-BF4B-00C04F79EFBC}") = "SwapStff.Service", "SwapStff.Service\SwapStff.Service.csproj", "{142FF292-2E80-401D-8199-09A2B0C971F0}"
	ProjectSection(ProjectDependencies) = postProject
		{644BB13A-A10E-472E-B3F7-D076FBCAC959} = {644BB13A-A10E-472E-B3F7-D076FBCAC959}
		{53889F8F-FEFA-41D5-A3AF-DB7345ED6C7C} = {53889F8F-FEFA-41D5-A3AF-DB7345ED6C7C}
	EndProjectSection
EndProject
Project("{FAE04EC0-301F-11D3-BF4B-00C04F79EFBC}") = "SwapStff.Web.Infrastructure", "SwapStff.Web.Infrastructure\SwapStff.Web.Infrastructure.csproj", "{54739A0D-424F-4865-AA85-91F849372E91}"
	ProjectSection(ProjectDependencies) = postProject
		{23B48237-4022-4969-9765-F7196031BCBF} = {23B48237-4022-4969-9765-F7196031BCBF}
		{644BB13A-A10E-472E-B3F7-D076FBCAC959} = {644BB13A-A10E-472E-B3F7-D076FBCAC959}
		{53889F8F-FEFA-41D5-A3AF-DB7345ED6C7C} = {53889F8F-FEFA-41D5-A3AF-DB7345ED6C7C}
		{142FF292-2E80-401D-8199-09A2B0C971F0} = {142FF292-2E80-401D-8199-09A2B0C971F0}
	EndProjectSection
EndProject
Global
	GlobalSection(SolutionConfigurationPlatforms) = preSolution
		Debug|Any CPU = Debug|Any CPU
		Release|Any CPU = Release|Any CPU
	EndGlobalSection
	GlobalSection(ProjectConfigurationPlatforms) = postSolution
		{ABFDB1AD-0E51-4599-BA0C-68CB662126AE}.Debug|Any CPU.ActiveCfg = Debug|Any CPU
		{ABFDB1AD-0E51-4599-BA0C-68CB662126AE}.Debug|Any CPU.Build.0 = Debug|Any CPU
		{ABFDB1AD-0E51-4599-BA0C-68CB662126AE}.Release|Any CPU.ActiveCfg = Release|Any CPU
		{ABFDB1AD-0E51-4599-BA0C-68CB662126AE}.Release|Any CPU.Build.0 = Release|Any CPU
		{644BB13A-A10E-472E-B3F7-D076FBCAC959}.Debug|Any CPU.ActiveCfg = Debug|Any CPU
		{644BB13A-A10E-472E-B3F7-D076FBCAC959}.Debug|Any CPU.Build.0 = Debug|Any CPU
		{644BB13A-A10E-472E-B3F7-D076FBCAC959}.Release|Any CPU.ActiveCfg = Release|Any CPU
		{644BB13A-A10E-472E-B3F7-D076FBCAC959}.Release|Any CPU.Build.0 = Release|Any CPU
		{23B48237-4022-4969-9765-F7196031BCBF}.Debug|Any CPU.ActiveCfg = Debug|Any CPU
		{23B48237-4022-4969-9765-F7196031BCBF}.Debug|Any CPU.Build.0 = Debug|Any CPU
		{23B48237-4022-4969-9765-F7196031BCBF}.Release|Any CPU.ActiveCfg = Release|Any CPU
		{23B48237-4022-4969-9765-F7196031BCBF}.Release|Any CPU.Build.0 = Release|Any CPU
		{53889F8F-FEFA-41D5-A3AF-DB7345ED6C7C}.Debug|Any CPU.ActiveCfg = Debug|Any CPU
		{53889F8F-FEFA-41D5-A3AF-DB7345ED6C7C}.Debug|Any CPU.Build.0 = Debug|Any CPU
		{53889F8F-FEFA-41D5-A3AF-DB7345ED6C7C}.Release|Any CPU.ActiveCfg = Release|Any CPU
		{53889F8F-FEFA-41D5-A3AF-DB7345ED6C7C}.Release|Any CPU.Build.0 = Release|Any CPU
		{142FF292-2E80-401D-8199-09A2B0C971F0}.Debug|Any CPU.ActiveCfg = Debug|Any CPU
		{142FF292-2E80-401D-8199-09A2B0C971F0}.Debug|Any CPU.Build.0 = Debug|Any CPU
		{142FF292-2E80-401D-8199-09A2B0C971F0}.Release|Any CPU.ActiveCfg = Release|Any CPU
		{142FF292-2E80-401D-8199-09A2B0C971F0}.Release|Any CPU.Build.0 = Release|Any CPU
		{54739A0D-424F-4865-AA85-91F849372E91}.Debug|Any CPU.ActiveCfg = Debug|Any CPU
		{54739A0D-424F-4865-AA85-91F849372E91}.Debug|Any CPU.Build.0 = Debug|Any CPU
		{54739A0D-424F-4865-AA85-91F849372E91}.Release|Any CPU.ActiveCfg = Release|Any CPU
		{54739A0D-424F-4865-AA85-91F849372E91}.Release|Any CPU.Build.0 = Release|Any CPU
	EndGlobalSection
	GlobalSection(SolutionProperties) = preSolution
		HideSolutionNode = FALSE
	EndGlobalSection
EndGlobal
